{
  "name": "serenity.typescript.corelib",
  "version": "1.0.0",
  "lockfileVersion": 1,
  "requires": true,
  "dependencies": {
    "@types/jquery": {
      "version": "2.0.48",
      "resolved": "https://registry.npmjs.org/@types/jquery/-/jquery-2.0.48.tgz",
      "integrity": "sha512-nNLzUrVjaRV/Ds1eHZLYTd7IZxs38cwwLSaqMJj8OTXY8xNUbxSK69bi9cMLvQ7dm/IBeQ1wHwQ0S1uYa0rd2w=="
    },
    "@types/jquery.blockui": {
      "version": "0.0.27",
      "resolved": "https://registry.npmjs.org/@types/jquery.blockui/-/jquery.blockui-0.0.27.tgz",
      "integrity": "sha1-6xcjUruBKnFRXDoUv32adRh7I1A=",
      "requires": {
        "@types/jquery": "2.0.48"
      }
    },
    "@types/jquery.cookie": {
      "version": "1.4.31",
      "resolved": "https://registry.npmjs.org/@types/jquery.cookie/-/jquery.cookie-1.4.31.tgz",
      "integrity": "sha512-m0wfCAh9nrzZuFVhhxhyb6VwI8nLvM7bAY7VecXhmJ0krfVqWkWhy5wAdO41XfiMhRPDutIjHdT/UTuS8uzoKQ==",
      "requires": {
        "@types/jquery": "2.0.48"
      }
    },
    "@types/jquery.validation": {
      "version": "1.16.4",
      "resolved": "https://registry.npmjs.org/@types/jquery.validation/-/jquery.validation-1.16.4.tgz",
      "integrity": "sha512-PFrM2r+3bJ2y4VqY+Z68TBZJ+e/cHE7Cfdv1LFcZl0kk2z3au1fuCzxcSH5wAFxq3t4/5SVpXIEM+xysR8Qoxg==",
      "requires": {
        "@types/jquery": "2.0.48"
      }
    },
    "@types/jqueryui": {
      "version": "1.12.1",
      "resolved": "https://registry.npmjs.org/@types/jqueryui/-/jqueryui-1.12.1.tgz",
      "integrity": "sha512-aLMCZSEsZJqnE6K1wcTsMojH/MZRaYkoiWbr/NauE96LP3+BzR8ki29wWYkVOunolb95a7hotCtTgzeoTPqb6A==",
      "requires": {
        "@types/jquery": "2.0.48"
      }
    },
    "@types/sortablejs": {
      "version": "1.3.32",
      "resolved": "https://registry.npmjs.org/@types/sortablejs/-/sortablejs-1.3.32.tgz",
      "integrity": "sha512-U+q7Cp3FOFQmhUeQPiFvzSfnjhCpo9CXoShr5fxsKRIzilTVzHkI9WgEFHn/ivrcI4DR2SN0wzuBC+ZSQLfJwA=="
    },
    "@types/toastr": {
      "version": "2.1.35",
      "resolved": "https://registry.npmjs.org/@types/toastr/-/toastr-2.1.35.tgz",
      "integrity": "sha512-NSPsNyBRxopghpNQLPqMLGK4oDIey5prT6RTkExljOfRrid0bkTr5v9NXYntBOwhEMmHjrmdsxY/g2/eKAJZpg==",
      "requires": {
        "@types/jquery": "2.0.48"
      }
    }
  }
}
