{
  "name": "serenity.typescript.corelib",
  "version": "1.0.0",
  "lockfileVersion": 1,
  "requires": true,
  "dependencies": {
    "@types/jquery": {
      "version": "https://registry.npmjs.org/@types/jquery/-/jquery-2.0.39.tgz",
      "integrity": "sha1-kX/mUwDbxsy9+n4u5RFZ+9Kddok="
    },
    "@types/jquery.blockui": {
      "version": "https://registry.npmjs.org/@types/jquery.blockui/-/jquery.blockui-0.0.27.tgz",
      "integrity": "sha1-6xcjUruBKnFRXDoUv32adRh7I1A=",
      "requires": {
        "@types/jquery": "https://registry.npmjs.org/@types/jquery/-/jquery-2.0.39.tgz"
      }
    },
    "@types/jquery.cookie": {
      "version": "https://registry.npmjs.org/@types/jquery.cookie/-/jquery.cookie-1.4.28.tgz",
      "integrity": "sha1-Xjs7GWrZ2HdaXy7oZFKaecourUo=",
      "requires": {
        "@types/jquery": "https://registry.npmjs.org/@types/jquery/-/jquery-2.0.39.tgz"
      }
    },
    "@types/jquery.validation": {
      "version": "https://registry.npmjs.org/@types/jquery.validation/-/jquery.validation-1.13.32.tgz",
      "integrity": "sha1-sEt1upFifHFL9mLZ0K55di+PYmI=",
      "requires": {
        "@types/jquery": "https://registry.npmjs.org/@types/jquery/-/jquery-2.0.39.tgz"
      }
    },
    "@types/jqueryui": {
      "version": "https://registry.npmjs.org/@types/jqueryui/-/jqueryui-1.11.32.tgz",
      "integrity": "sha1-WiG97dZRfCG673VIiZMbfSe1+z4=",
      "requires": {
        "@types/jquery": "https://registry.npmjs.org/@types/jquery/-/jquery-2.0.39.tgz"
      }
    },
    "@types/sortablejs": {
      "version": "https://registry.npmjs.org/@types/sortablejs/-/sortablejs-1.3.31.tgz",
      "integrity": "sha1-MUnGai8tj3zuQfVTCKi1EkbpB7Y="
    },
    "@types/toastr": {
      "version": "https://registry.npmjs.org/@types/toastr/-/toastr-2.1.33.tgz",
      "integrity": "sha1-gmM+wG8zcyvu3uRJvG+6ElDDkPQ=",
      "requires": {
        "@types/jquery": "https://registry.npmjs.org/@types/jquery/-/jquery-2.0.39.tgz"
      }
    },
    "typescript": {
      "version": "https://registry.npmjs.org/typescript/-/typescript-2.1.5.tgz",
      "integrity": "sha1-b+lHngDgGFUkfOohbnVhuvzbzUo=",
      "dev": true
    }
  }
}
