
Microsoft Visual Studio Solution File, Format Version 12.00
# Visual Studio 15
VisualStudioVersion = 15.0.26228.4
MinimumVisualStudioVersion = 10.0.40219.1
Project("{9A19103F-16F7-4668-BE54-9A1E7A4F7556}") = "Serenity.Core", "Serenity.Core\Serenity.Core.csproj", "{6F13B7F5-3F1E-4A7F-962D-59EBD3118E83}"
EndProject
Project("{9A19103F-16F7-4668-BE54-9A1E7A4F7556}") = "Serenity.Data", "Serenity.Data\Serenity.Data.csproj", "{A2B991E8-3E2C-477F-B70A-22355C52A8B8}"
EndProject
Project("{9A19103F-16F7-4668-BE54-9A1E7A4F7556}") = "Serenity.Data.Entity", "Serenity.Data.Entity\Serenity.Data.Entity.csproj", "{716C65D4-B1B0-49D1-80BD-780659577150}"
EndProject
Project("{9A19103F-16F7-4668-BE54-9A1E7A4F7556}") = "Serenity.Services", "Serenity.Services\Serenity.Services.csproj", "{D0697A40-5BCB-4B2E-B72C-E371AFEF3BD9}"
EndProject
Project("{9A19103F-16F7-4668-BE54-9A1E7A4F7556}") = "Serenity.Web", "Serenity.Web\Serenity.Web.csproj", "{2DB8084A-1CF1-490F-AE59-7DB6AFC29FCA}"
EndProject
Project("{9A19103F-16F7-4668-BE54-9A1E7A4F7556}") = "Serenity.Caching.Couchbase", "Serenity.Caching.Couchbase\Serenity.Caching.Couchbase.csproj", "{72E76440-83AF-4E4C-A212-7E72BA6C15D5}"
EndProject
Project("{9A19103F-16F7-4668-BE54-9A1E7A4F7556}") = "Serenity.Caching.Redis", "Serenity.Caching.Redis\Serenity.Caching.Redis.csproj", "{E97E4A31-3C67-4238-84A0-04FA3D59FD2F}"
EndProject
Project("{9A19103F-16F7-4668-BE54-9A1E7A4F7556}") = "Serenity.CodeGenerator", "Serenity.CodeGenerator\Serenity.CodeGenerator.csproj", "{7B2CED35-AD39-42D5-AF64-5AC73D11EEF9}"
EndProject
Project("{E24C65DC-7377-472B-9ABA-BC803B73C61A}") = "Serenity.TypeScript.CoreLib", "Serenity.TypeScript.CoreLib\", "{3ACFE478-AC01-4C07-BE93-4682FD2B04FC}"
	ProjectSection(WebsiteProperties) = preProject
		TargetFrameworkMoniker = ".NETFramework,Version%3Dv4.0"
		Debug.AspNetCompiler.VirtualPath = "/localhost_51467"
		Debug.AspNetCompiler.PhysicalPath = "Serenity.TypeScript.CoreLib\"
		Debug.AspNetCompiler.TargetPath = "PrecompiledWeb\localhost_51467\"
		Debug.AspNetCompiler.Updateable = "true"
		Debug.AspNetCompiler.ForceOverwrite = "true"
		Debug.AspNetCompiler.FixedNames = "false"
		Debug.AspNetCompiler.Debug = "True"
		Release.AspNetCompiler.VirtualPath = "/localhost_51467"
		Release.AspNetCompiler.PhysicalPath = "Serenity.TypeScript.CoreLib\"
		Release.AspNetCompiler.TargetPath = "PrecompiledWeb\localhost_51467\"
		Release.AspNetCompiler.Updateable = "true"
		Release.AspNetCompiler.ForceOverwrite = "true"
		Release.AspNetCompiler.FixedNames = "false"
		Release.AspNetCompiler.Debug = "False"
		VWDPort = "51467"
		SlnRelativePath = "Serenity.TypeScript.CoreLib\"
	EndProjectSection
EndProject
Project("{E24C65DC-7377-472B-9ABA-BC803B73C61A}") = "Serenity.TypeScript.CodeGeneration", "Serenity.TypeScript.CodeGeneration\", "{EDF5B269-681F-43A8-A0EF-17DA4F6F4966}"
	ProjectSection(WebsiteProperties) = preProject
		TargetFrameworkMoniker = ".NETFramework,Version%3Dv4.0"
		Debug.AspNetCompiler.VirtualPath = "/localhost_51477"
		Debug.AspNetCompiler.PhysicalPath = "Serenity.TypeScript.CodeGeneration\"
		Debug.AspNetCompiler.TargetPath = "PrecompiledWeb\localhost_51477\"
		Debug.AspNetCompiler.Updateable = "true"
		Debug.AspNetCompiler.ForceOverwrite = "true"
		Debug.AspNetCompiler.FixedNames = "false"
		Debug.AspNetCompiler.Debug = "True"
		Release.AspNetCompiler.VirtualPath = "/localhost_51477"
		Release.AspNetCompiler.PhysicalPath = "Serenity.TypeScript.CodeGeneration\"
		Release.AspNetCompiler.TargetPath = "PrecompiledWeb\localhost_51477\"
		Release.AspNetCompiler.Updateable = "true"
		Release.AspNetCompiler.ForceOverwrite = "true"
		Release.AspNetCompiler.FixedNames = "false"
		Release.AspNetCompiler.Debug = "False"
		VWDPort = "51477"
		SlnRelativePath = "Serenity.TypeScript.CodeGeneration\"
	EndProjectSection
EndProject
Global
	GlobalSection(SolutionConfigurationPlatforms) = preSolution
		Debug|Any CPU = Debug|Any CPU
		Release|Any CPU = Release|Any CPU
	EndGlobalSection
	GlobalSection(ProjectConfigurationPlatforms) = postSolution
		{6F13B7F5-3F1E-4A7F-962D-59EBD3118E83}.Debug|Any CPU.ActiveCfg = Debug|Any CPU
		{6F13B7F5-3F1E-4A7F-962D-59EBD3118E83}.Debug|Any CPU.Build.0 = Debug|Any CPU
		{6F13B7F5-3F1E-4A7F-962D-59EBD3118E83}.Release|Any CPU.ActiveCfg = Release|Any CPU
		{6F13B7F5-3F1E-4A7F-962D-59EBD3118E83}.Release|Any CPU.Build.0 = Release|Any CPU
		{A2B991E8-3E2C-477F-B70A-22355C52A8B8}.Debug|Any CPU.ActiveCfg = Debug|Any CPU
		{A2B991E8-3E2C-477F-B70A-22355C52A8B8}.Debug|Any CPU.Build.0 = Debug|Any CPU
		{A2B991E8-3E2C-477F-B70A-22355C52A8B8}.Release|Any CPU.ActiveCfg = Release|Any CPU
		{A2B991E8-3E2C-477F-B70A-22355C52A8B8}.Release|Any CPU.Build.0 = Release|Any CPU
		{716C65D4-B1B0-49D1-80BD-780659577150}.Debug|Any CPU.ActiveCfg = Debug|Any CPU
		{716C65D4-B1B0-49D1-80BD-780659577150}.Debug|Any CPU.Build.0 = Debug|Any CPU
		{716C65D4-B1B0-49D1-80BD-780659577150}.Release|Any CPU.ActiveCfg = Release|Any CPU
		{716C65D4-B1B0-49D1-80BD-780659577150}.Release|Any CPU.Build.0 = Release|Any CPU
		{D0697A40-5BCB-4B2E-B72C-E371AFEF3BD9}.Debug|Any CPU.ActiveCfg = Debug|Any CPU
		{D0697A40-5BCB-4B2E-B72C-E371AFEF3BD9}.Debug|Any CPU.Build.0 = Debug|Any CPU
		{D0697A40-5BCB-4B2E-B72C-E371AFEF3BD9}.Release|Any CPU.ActiveCfg = Release|Any CPU
		{D0697A40-5BCB-4B2E-B72C-E371AFEF3BD9}.Release|Any CPU.Build.0 = Release|Any CPU
		{2DB8084A-1CF1-490F-AE59-7DB6AFC29FCA}.Debug|Any CPU.ActiveCfg = Debug|Any CPU
		{2DB8084A-1CF1-490F-AE59-7DB6AFC29FCA}.Debug|Any CPU.Build.0 = Debug|Any CPU
		{2DB8084A-1CF1-490F-AE59-7DB6AFC29FCA}.Release|Any CPU.ActiveCfg = Release|Any CPU
		{2DB8084A-1CF1-490F-AE59-7DB6AFC29FCA}.Release|Any CPU.Build.0 = Release|Any CPU
		{72E76440-83AF-4E4C-A212-7E72BA6C15D5}.Debug|Any CPU.ActiveCfg = Debug|Any CPU
		{72E76440-83AF-4E4C-A212-7E72BA6C15D5}.Debug|Any CPU.Build.0 = Debug|Any CPU
		{72E76440-83AF-4E4C-A212-7E72BA6C15D5}.Release|Any CPU.ActiveCfg = Release|Any CPU
		{72E76440-83AF-4E4C-A212-7E72BA6C15D5}.Release|Any CPU.Build.0 = Release|Any CPU
		{E97E4A31-3C67-4238-84A0-04FA3D59FD2F}.Debug|Any CPU.ActiveCfg = Debug|Any CPU
		{E97E4A31-3C67-4238-84A0-04FA3D59FD2F}.Debug|Any CPU.Build.0 = Debug|Any CPU
		{E97E4A31-3C67-4238-84A0-04FA3D59FD2F}.Release|Any CPU.ActiveCfg = Release|Any CPU
		{E97E4A31-3C67-4238-84A0-04FA3D59FD2F}.Release|Any CPU.Build.0 = Release|Any CPU
		{7B2CED35-AD39-42D5-AF64-5AC73D11EEF9}.Debug|Any CPU.ActiveCfg = Debug|Any CPU
		{7B2CED35-AD39-42D5-AF64-5AC73D11EEF9}.Debug|Any CPU.Build.0 = Debug|Any CPU
		{7B2CED35-AD39-42D5-AF64-5AC73D11EEF9}.Release|Any CPU.ActiveCfg = Release|Any CPU
		{7B2CED35-AD39-42D5-AF64-5AC73D11EEF9}.Release|Any CPU.Build.0 = Release|Any CPU
		{3ACFE478-AC01-4C07-BE93-4682FD2B04FC}.Debug|Any CPU.ActiveCfg = Debug|Any CPU
		{3ACFE478-AC01-4C07-BE93-4682FD2B04FC}.Debug|Any CPU.Build.0 = Debug|Any CPU
		{3ACFE478-AC01-4C07-BE93-4682FD2B04FC}.Release|Any CPU.ActiveCfg = Debug|Any CPU
		{3ACFE478-AC01-4C07-BE93-4682FD2B04FC}.Release|Any CPU.Build.0 = Debug|Any CPU
		{EDF5B269-681F-43A8-A0EF-17DA4F6F4966}.Debug|Any CPU.ActiveCfg = Debug|Any CPU
		{EDF5B269-681F-43A8-A0EF-17DA4F6F4966}.Debug|Any CPU.Build.0 = Debug|Any CPU
		{EDF5B269-681F-43A8-A0EF-17DA4F6F4966}.Release|Any CPU.ActiveCfg = Debug|Any CPU
		{EDF5B269-681F-43A8-A0EF-17DA4F6F4966}.Release|Any CPU.Build.0 = Debug|Any CPU
	EndGlobalSection
	GlobalSection(SolutionProperties) = preSolution
		HideSolutionNode = FALSE
	EndGlobalSection
EndGlobal
