lockfileVersion: '9.0'

settings:
  autoInstallPeers: true
  excludeLinksFromLockfile: false

importers:

  .:
    devDependencies:
      '@serenity-is/corelib':
        specifier: ../packages/corelib
        version: link:../packages/corelib
      '@serenity-is/sleekgrid':
        specifier: ../packages/sleekgrid
        version: link:../packages/sleekgrid
      '@serenity-is/tsbuild':
        specifier: ../packages/tsbuild
        version: link:../packages/tsbuild
      test-utils:
        specifier: ../packages/test-utils
        version: link:../packages/test-utils

  src/demo.basicsamples:
    dependencies:
      '@serenity-is/demo.northwind':
        specifier: workspace:*
        version: link:../demo.northwind
      '@serenity-is/extensions':
        specifier: workspace:*
        version: link:../extensions
      chart.js:
        specifier: 4.4.4
        version: 4.4.4

  src/demo.northwind:
    dependencies:
      '@serenity-is/extensions':
        specifier: workspace:*
        version: link:../extensions
      '@types/dompurify':
        specifier: 3.0.5
        version: 3.0.5
      dompurify:
        specifier: 3.1.6
        version: 3.1.6

  src/extensions: {}

packages:

  '@kurkle/color@0.3.2':
    resolution: {integrity: sha512-fuscdXJ9G1qb7W8VdHi+IwRqij3lBkosAm4ydQtEmbY58OzHXqQhvlxqEkoz0yssNVn38bcpRWgA9PP+OGoisw==}

  '@types/dompurify@3.0.5':
    resolution: {integrity: sha512-1Wg0g3BtQF7sSb27fJQAKck1HECM6zV1EB66j8JH9i3LCjYabJa0FSdiSgsD5K/RbrsR0SiraKacLB+T8ZVYAg==}

  '@types/trusted-types@2.0.7':
    resolution: {integrity: sha512-ScaPdn1dQczgbl0QFTeTOmVHFULt394XJgOQNoyVhZ6r2vLnMLJfBPd53SB52T/3G36VI1/g2MZaX0cwDuXsfw==}

  chart.js@4.4.4:
    resolution: {integrity: sha512-emICKGBABnxhMjUjlYRR12PmOXhJ2eJjEHL2/dZlWjxRAZT1D8xplLFq5M0tMQK8ja+wBS/tuVEJB5C6r7VxJA==}
    engines: {pnpm: '>=8'}

  dompurify@3.1.6:
    resolution: {integrity: sha512-cTOAhc36AalkjtBpfG6O8JimdTMWNXjiePT2xQH/ppBGi/4uIpmj8eKyIkMJErXWARyINV/sB38yf8JCLF5pbQ==}

snapshots:

  '@kurkle/color@0.3.2': {}

  '@types/dompurify@3.0.5':
    dependencies:
      '@types/trusted-types': 2.0.7

  '@types/trusted-types@2.0.7': {}

  chart.js@4.4.4:
    dependencies:
      '@kurkle/color': 0.3.2

  dompurify@3.1.6: {}
