<Solution>
  <Project Path="../build/build-serene.csproj" />
  <Project Path="RootProjectWizard/RootProjectWizard.csproj" Id="36e47613-1d2e-4b13-86ae-8b73ed1b747e" />
  <Project Path="Serene.Templates/Serene.Templates.csproj" />
  <Project Path="Serene.VSIX.csproj" Id="9dc33f28-9bb3-4703-bc09-9eb0c109c2d4" />
</Solution>
