
Microsoft Visual Studio Solution File, Format Version 12.00
# Visual Studio Version 17
VisualStudioVersion = 17.4.33205.214
MinimumVisualStudioVersion = 10.0.40219.1
Project("{9A19103F-16F7-4668-BE54-9A1E7A4F7556}") = "Serenity.Demo.Northwind", "demo.northwind\Serenity.Demo.Northwind.csproj", "{65D17462-2F08-490E-A008-0AFFFF5DB377}"
EndProject
Project("{9A19103F-16F7-4668-BE54-9A1E7A4F7556}") = "Serenity.Extensions", "extensions\Serenity.Extensions.csproj", "{44BF22A6-44E4-471E-ADA6-8D748CA295B6}"
EndProject
Project("{2150E333-8FDC-42A3-9474-1A3956D46DE8}") = "build", "build", "{D85F847E-DFC3-48D5-9A96-FAE129038CF5}"
	ProjectSection(SolutionItems) = preProject
		Directory.Build.props = Directory.Build.props
		Directory.Build.targets = Directory.Build.targets
		..\build\Feature.Build.props = ..\build\Feature.Build.props
		..\build\Feature.Build.targets = ..\build\Feature.Build.targets
		..\build\Package.Build.props = ..\build\Package.Build.props
		.config\sergen.base.json = .config\sergen.base.json
	EndProjectSection
EndProject
Project("{9A19103F-16F7-4668-BE54-9A1E7A4F7556}") = "Serenity.Demo.BasicSamples", "demo.basicsamples\Serenity.Demo.BasicSamples.csproj", "{A648D7BD-7D8E-48DA-B0C6-F14A6EA01224}"
EndProject
Global
	GlobalSection(SolutionConfigurationPlatforms) = preSolution
		Debug|Any CPU = Debug|Any CPU
		Release|Any CPU = Release|Any CPU
	EndGlobalSection
	GlobalSection(ProjectConfigurationPlatforms) = postSolution
		{65D17462-2F08-490E-A008-0AFFFF5DB377}.Debug|Any CPU.ActiveCfg = Debug|Any CPU
		{65D17462-2F08-490E-A008-0AFFFF5DB377}.Debug|Any CPU.Build.0 = Debug|Any CPU
		{65D17462-2F08-490E-A008-0AFFFF5DB377}.Release|Any CPU.ActiveCfg = Release|Any CPU
		{65D17462-2F08-490E-A008-0AFFFF5DB377}.Release|Any CPU.Build.0 = Release|Any CPU
		{44BF22A6-44E4-471E-ADA6-8D748CA295B6}.Debug|Any CPU.ActiveCfg = Debug|Any CPU
		{44BF22A6-44E4-471E-ADA6-8D748CA295B6}.Debug|Any CPU.Build.0 = Debug|Any CPU
		{44BF22A6-44E4-471E-ADA6-8D748CA295B6}.Release|Any CPU.ActiveCfg = Release|Any CPU
		{44BF22A6-44E4-471E-ADA6-8D748CA295B6}.Release|Any CPU.Build.0 = Release|Any CPU
		{A648D7BD-7D8E-48DA-B0C6-F14A6EA01224}.Debug|Any CPU.ActiveCfg = Debug|Any CPU
		{A648D7BD-7D8E-48DA-B0C6-F14A6EA01224}.Debug|Any CPU.Build.0 = Debug|Any CPU
		{A648D7BD-7D8E-48DA-B0C6-F14A6EA01224}.Release|Any CPU.ActiveCfg = Release|Any CPU
		{A648D7BD-7D8E-48DA-B0C6-F14A6EA01224}.Release|Any CPU.Build.0 = Release|Any CPU
	EndGlobalSection
	GlobalSection(SolutionProperties) = preSolution
		HideSolutionNode = FALSE
	EndGlobalSection
	GlobalSection(ExtensibilityGlobals) = postSolution
		SolutionGuid = {6A26FEC1-D640-4ED2-9D96-923DC7E8F4A0}
	EndGlobalSection
EndGlobal
