
Microsoft Visual Studio Solution File, Format Version 12.00
# Visual Studio 15
VisualStudioVersion = 15.0.27130.2027
MinimumVisualStudioVersion = 10.0.40219.1
Project("{9A19103F-16F7-4668-BE54-9A1E7A4F7556}") = "Serenity.Net.Core", "Serenity.Net.Core\Serenity.Net.Core.csproj", "{6F13B7F5-3F1E-4A7F-962D-59EBD3118E83}"
EndProject
Project("{9A19103F-16F7-4668-BE54-9A1E7A4F7556}") = "Serenity.Net.Data", "Serenity.Net.Data\Serenity.Net.Data.csproj", "{A2B991E8-3E2C-477F-B70A-22355C52A8B8}"
EndProject
Project("{9A19103F-16F7-4668-BE54-9A1E7A4F7556}") = "Serenity.Net.Data.Entity", "Serenity.Net.Data.Entity\Serenity.Net.Data.Entity.csproj", "{716C65D4-B1B0-49D1-80BD-780659577150}"
EndProject
Project("{9A19103F-16F7-4668-BE54-9A1E7A4F7556}") = "Serenity.Net.Services", "Serenity.Net.Services\Serenity.Net.Services.csproj", "{D0697A40-5BCB-4B2E-B72C-E371AFEF3BD9}"
EndProject
Project("{9A19103F-16F7-4668-BE54-9A1E7A4F7556}") = "Serenity.Net.Web", "Serenity.Net.Web\Serenity.Net.Web.csproj", "{2DB8084A-1CF1-490F-AE59-7DB6AFC29FCA}"
EndProject
Project("{9A19103F-16F7-4668-BE54-9A1E7A4F7556}") = "Serenity.Net.Caching.Couchbase", "Serenity.Net.Caching.Couchbase\Serenity.Net.Caching.Couchbase.csproj", "{72E76440-83AF-4E4C-A212-7E72BA6C15D5}"
EndProject
Project("{9A19103F-16F7-4668-BE54-9A1E7A4F7556}") = "Serenity.Net.Caching.Redis", "Serenity.Net.Caching.Redis\Serenity.Net.Caching.Redis.csproj", "{E97E4A31-3C67-4238-84A0-04FA3D59FD2F}"
EndProject
Project("{9A19103F-16F7-4668-BE54-9A1E7A4F7556}") = "Serenity.Net.CodeGenerator", "Serenity.Net.CodeGenerator\Serenity.Net.CodeGenerator.csproj", "{7B2CED35-AD39-42D5-AF64-5AC73D11EEF9}"
EndProject
Project("{9A19103F-16F7-4668-BE54-9A1E7A4F7556}") = "Serenity.Scripts", "Serenity.Scripts\Serenity.Scripts.csproj", "{2ACB06BE-7058-4E19-A0B1-0171D15870E5}"
EndProject
Global
	GlobalSection(SolutionConfigurationPlatforms) = preSolution
		Debug|Any CPU = Debug|Any CPU
		Debug|x86 = Debug|x86
		Release|Any CPU = Release|Any CPU
		Release|x86 = Release|x86
	EndGlobalSection
	GlobalSection(ProjectConfigurationPlatforms) = postSolution
		{6F13B7F5-3F1E-4A7F-962D-59EBD3118E83}.Debug|Any CPU.ActiveCfg = Debug|Any CPU
		{6F13B7F5-3F1E-4A7F-962D-59EBD3118E83}.Debug|Any CPU.Build.0 = Debug|Any CPU
		{6F13B7F5-3F1E-4A7F-962D-59EBD3118E83}.Debug|x86.ActiveCfg = Debug|Any CPU
		{6F13B7F5-3F1E-4A7F-962D-59EBD3118E83}.Debug|x86.Build.0 = Debug|Any CPU
		{6F13B7F5-3F1E-4A7F-962D-59EBD3118E83}.Release|Any CPU.ActiveCfg = Release|Any CPU
		{6F13B7F5-3F1E-4A7F-962D-59EBD3118E83}.Release|Any CPU.Build.0 = Release|Any CPU
		{6F13B7F5-3F1E-4A7F-962D-59EBD3118E83}.Release|x86.ActiveCfg = Release|Any CPU
		{6F13B7F5-3F1E-4A7F-962D-59EBD3118E83}.Release|x86.Build.0 = Release|Any CPU
		{A2B991E8-3E2C-477F-B70A-22355C52A8B8}.Debug|Any CPU.ActiveCfg = Debug|Any CPU
		{A2B991E8-3E2C-477F-B70A-22355C52A8B8}.Debug|Any CPU.Build.0 = Debug|Any CPU
		{A2B991E8-3E2C-477F-B70A-22355C52A8B8}.Debug|x86.ActiveCfg = Debug|Any CPU
		{A2B991E8-3E2C-477F-B70A-22355C52A8B8}.Debug|x86.Build.0 = Debug|Any CPU
		{A2B991E8-3E2C-477F-B70A-22355C52A8B8}.Release|Any CPU.ActiveCfg = Release|Any CPU
		{A2B991E8-3E2C-477F-B70A-22355C52A8B8}.Release|Any CPU.Build.0 = Release|Any CPU
		{A2B991E8-3E2C-477F-B70A-22355C52A8B8}.Release|x86.ActiveCfg = Release|Any CPU
		{A2B991E8-3E2C-477F-B70A-22355C52A8B8}.Release|x86.Build.0 = Release|Any CPU
		{716C65D4-B1B0-49D1-80BD-780659577150}.Debug|Any CPU.ActiveCfg = Debug|Any CPU
		{716C65D4-B1B0-49D1-80BD-780659577150}.Debug|Any CPU.Build.0 = Debug|Any CPU
		{716C65D4-B1B0-49D1-80BD-780659577150}.Debug|x86.ActiveCfg = Debug|Any CPU
		{716C65D4-B1B0-49D1-80BD-780659577150}.Debug|x86.Build.0 = Debug|Any CPU
		{716C65D4-B1B0-49D1-80BD-780659577150}.Release|Any CPU.ActiveCfg = Release|Any CPU
		{716C65D4-B1B0-49D1-80BD-780659577150}.Release|Any CPU.Build.0 = Release|Any CPU
		{716C65D4-B1B0-49D1-80BD-780659577150}.Release|x86.ActiveCfg = Release|Any CPU
		{716C65D4-B1B0-49D1-80BD-780659577150}.Release|x86.Build.0 = Release|Any CPU
		{D0697A40-5BCB-4B2E-B72C-E371AFEF3BD9}.Debug|Any CPU.ActiveCfg = Debug|Any CPU
		{D0697A40-5BCB-4B2E-B72C-E371AFEF3BD9}.Debug|Any CPU.Build.0 = Debug|Any CPU
		{D0697A40-5BCB-4B2E-B72C-E371AFEF3BD9}.Debug|x86.ActiveCfg = Debug|Any CPU
		{D0697A40-5BCB-4B2E-B72C-E371AFEF3BD9}.Debug|x86.Build.0 = Debug|Any CPU
		{D0697A40-5BCB-4B2E-B72C-E371AFEF3BD9}.Release|Any CPU.ActiveCfg = Release|Any CPU
		{D0697A40-5BCB-4B2E-B72C-E371AFEF3BD9}.Release|Any CPU.Build.0 = Release|Any CPU
		{D0697A40-5BCB-4B2E-B72C-E371AFEF3BD9}.Release|x86.ActiveCfg = Release|Any CPU
		{D0697A40-5BCB-4B2E-B72C-E371AFEF3BD9}.Release|x86.Build.0 = Release|Any CPU
		{2DB8084A-1CF1-490F-AE59-7DB6AFC29FCA}.Debug|Any CPU.ActiveCfg = Debug|Any CPU
		{2DB8084A-1CF1-490F-AE59-7DB6AFC29FCA}.Debug|Any CPU.Build.0 = Debug|Any CPU
		{2DB8084A-1CF1-490F-AE59-7DB6AFC29FCA}.Debug|x86.ActiveCfg = Debug|Any CPU
		{2DB8084A-1CF1-490F-AE59-7DB6AFC29FCA}.Debug|x86.Build.0 = Debug|Any CPU
		{2DB8084A-1CF1-490F-AE59-7DB6AFC29FCA}.Release|Any CPU.ActiveCfg = Release|Any CPU
		{2DB8084A-1CF1-490F-AE59-7DB6AFC29FCA}.Release|Any CPU.Build.0 = Release|Any CPU
		{2DB8084A-1CF1-490F-AE59-7DB6AFC29FCA}.Release|x86.ActiveCfg = Release|Any CPU
		{2DB8084A-1CF1-490F-AE59-7DB6AFC29FCA}.Release|x86.Build.0 = Release|Any CPU
		{72E76440-83AF-4E4C-A212-7E72BA6C15D5}.Debug|Any CPU.ActiveCfg = Debug|Any CPU
		{72E76440-83AF-4E4C-A212-7E72BA6C15D5}.Debug|Any CPU.Build.0 = Debug|Any CPU
		{72E76440-83AF-4E4C-A212-7E72BA6C15D5}.Debug|x86.ActiveCfg = Debug|Any CPU
		{72E76440-83AF-4E4C-A212-7E72BA6C15D5}.Debug|x86.Build.0 = Debug|Any CPU
		{72E76440-83AF-4E4C-A212-7E72BA6C15D5}.Release|Any CPU.ActiveCfg = Release|Any CPU
		{72E76440-83AF-4E4C-A212-7E72BA6C15D5}.Release|Any CPU.Build.0 = Release|Any CPU
		{72E76440-83AF-4E4C-A212-7E72BA6C15D5}.Release|x86.ActiveCfg = Release|Any CPU
		{72E76440-83AF-4E4C-A212-7E72BA6C15D5}.Release|x86.Build.0 = Release|Any CPU
		{E97E4A31-3C67-4238-84A0-04FA3D59FD2F}.Debug|Any CPU.ActiveCfg = Debug|Any CPU
		{E97E4A31-3C67-4238-84A0-04FA3D59FD2F}.Debug|Any CPU.Build.0 = Debug|Any CPU
		{E97E4A31-3C67-4238-84A0-04FA3D59FD2F}.Debug|x86.ActiveCfg = Debug|Any CPU
		{E97E4A31-3C67-4238-84A0-04FA3D59FD2F}.Debug|x86.Build.0 = Debug|Any CPU
		{E97E4A31-3C67-4238-84A0-04FA3D59FD2F}.Release|Any CPU.ActiveCfg = Release|Any CPU
		{E97E4A31-3C67-4238-84A0-04FA3D59FD2F}.Release|Any CPU.Build.0 = Release|Any CPU
		{E97E4A31-3C67-4238-84A0-04FA3D59FD2F}.Release|x86.ActiveCfg = Release|Any CPU
		{E97E4A31-3C67-4238-84A0-04FA3D59FD2F}.Release|x86.Build.0 = Release|Any CPU
		{7B2CED35-AD39-42D5-AF64-5AC73D11EEF9}.Debug|Any CPU.ActiveCfg = Debug|Any CPU
		{7B2CED35-AD39-42D5-AF64-5AC73D11EEF9}.Debug|Any CPU.Build.0 = Debug|Any CPU
		{7B2CED35-AD39-42D5-AF64-5AC73D11EEF9}.Debug|x86.ActiveCfg = Debug|Any CPU
		{7B2CED35-AD39-42D5-AF64-5AC73D11EEF9}.Debug|x86.Build.0 = Debug|Any CPU
		{7B2CED35-AD39-42D5-AF64-5AC73D11EEF9}.Release|Any CPU.ActiveCfg = Release|Any CPU
		{7B2CED35-AD39-42D5-AF64-5AC73D11EEF9}.Release|Any CPU.Build.0 = Release|Any CPU
		{7B2CED35-AD39-42D5-AF64-5AC73D11EEF9}.Release|x86.ActiveCfg = Release|Any CPU
		{7B2CED35-AD39-42D5-AF64-5AC73D11EEF9}.Release|x86.Build.0 = Release|Any CPU
		{92C7C25E-5379-4D37-9EE8-BFCD4507816D}.Debug|Any CPU.ActiveCfg = Debug|Any CPU
		{92C7C25E-5379-4D37-9EE8-BFCD4507816D}.Debug|Any CPU.Build.0 = Debug|Any CPU
		{92C7C25E-5379-4D37-9EE8-BFCD4507816D}.Debug|x86.ActiveCfg = Debug|Any CPU
		{92C7C25E-5379-4D37-9EE8-BFCD4507816D}.Debug|x86.Build.0 = Debug|Any CPU
		{92C7C25E-5379-4D37-9EE8-BFCD4507816D}.Release|Any CPU.ActiveCfg = Release|Any CPU
		{92C7C25E-5379-4D37-9EE8-BFCD4507816D}.Release|Any CPU.Build.0 = Release|Any CPU
		{92C7C25E-5379-4D37-9EE8-BFCD4507816D}.Release|x86.ActiveCfg = Release|Any CPU
		{92C7C25E-5379-4D37-9EE8-BFCD4507816D}.Release|x86.Build.0 = Release|Any CPU
		{2ACB06BE-7058-4E19-A0B1-0171D15870E5}.Debug|Any CPU.ActiveCfg = Debug|Any CPU
		{2ACB06BE-7058-4E19-A0B1-0171D15870E5}.Debug|Any CPU.Build.0 = Debug|Any CPU
		{2ACB06BE-7058-4E19-A0B1-0171D15870E5}.Debug|x86.ActiveCfg = Debug|Any CPU
		{2ACB06BE-7058-4E19-A0B1-0171D15870E5}.Debug|x86.Build.0 = Debug|Any CPU
		{2ACB06BE-7058-4E19-A0B1-0171D15870E5}.Release|Any CPU.ActiveCfg = Release|Any CPU
		{2ACB06BE-7058-4E19-A0B1-0171D15870E5}.Release|Any CPU.Build.0 = Release|Any CPU
		{2ACB06BE-7058-4E19-A0B1-0171D15870E5}.Release|x86.ActiveCfg = Release|Any CPU
		{2ACB06BE-7058-4E19-A0B1-0171D15870E5}.Release|x86.Build.0 = Release|Any CPU
		{8632943D-2A88-4C83-8451-69D62F059EFC}.Debug|Any CPU.ActiveCfg = Debug|Any CPU
		{8632943D-2A88-4C83-8451-69D62F059EFC}.Debug|Any CPU.Build.0 = Debug|Any CPU
		{8632943D-2A88-4C83-8451-69D62F059EFC}.Debug|x86.ActiveCfg = Debug|Any CPU
		{8632943D-2A88-4C83-8451-69D62F059EFC}.Debug|x86.Build.0 = Debug|Any CPU
		{8632943D-2A88-4C83-8451-69D62F059EFC}.Release|Any CPU.ActiveCfg = Release|Any CPU
		{8632943D-2A88-4C83-8451-69D62F059EFC}.Release|Any CPU.Build.0 = Release|Any CPU
		{8632943D-2A88-4C83-8451-69D62F059EFC}.Release|x86.ActiveCfg = Release|Any CPU
		{8632943D-2A88-4C83-8451-69D62F059EFC}.Release|x86.Build.0 = Release|Any CPU
		{E5FD07EF-84B5-48C4-8640-46CDC9219AE8}.Debug|Any CPU.ActiveCfg = Debug|Any CPU
		{E5FD07EF-84B5-48C4-8640-46CDC9219AE8}.Debug|Any CPU.Build.0 = Debug|Any CPU
		{E5FD07EF-84B5-48C4-8640-46CDC9219AE8}.Debug|x86.ActiveCfg = Debug|Any CPU
		{E5FD07EF-84B5-48C4-8640-46CDC9219AE8}.Debug|x86.Build.0 = Debug|Any CPU
		{E5FD07EF-84B5-48C4-8640-46CDC9219AE8}.Release|Any CPU.ActiveCfg = Release|Any CPU
		{E5FD07EF-84B5-48C4-8640-46CDC9219AE8}.Release|Any CPU.Build.0 = Release|Any CPU
		{E5FD07EF-84B5-48C4-8640-46CDC9219AE8}.Release|x86.ActiveCfg = Release|Any CPU
		{E5FD07EF-84B5-48C4-8640-46CDC9219AE8}.Release|x86.Build.0 = Release|Any CPU
		{3A47ACB0-E6D4-4014-8DCA-6C27ED8DEC6D}.Debug|Any CPU.ActiveCfg = Debug|Any CPU
		{3A47ACB0-E6D4-4014-8DCA-6C27ED8DEC6D}.Debug|Any CPU.Build.0 = Debug|Any CPU
		{3A47ACB0-E6D4-4014-8DCA-6C27ED8DEC6D}.Debug|x86.ActiveCfg = Debug|Any CPU
		{3A47ACB0-E6D4-4014-8DCA-6C27ED8DEC6D}.Debug|x86.Build.0 = Debug|Any CPU
		{3A47ACB0-E6D4-4014-8DCA-6C27ED8DEC6D}.Release|Any CPU.ActiveCfg = Release|Any CPU
		{3A47ACB0-E6D4-4014-8DCA-6C27ED8DEC6D}.Release|Any CPU.Build.0 = Release|Any CPU
		{3A47ACB0-E6D4-4014-8DCA-6C27ED8DEC6D}.Release|x86.ActiveCfg = Release|Any CPU
		{3A47ACB0-E6D4-4014-8DCA-6C27ED8DEC6D}.Release|x86.Build.0 = Release|Any CPU
		{49704C9A-30A2-43DE-AE3D-D13073BA50A4}.Debug|Any CPU.ActiveCfg = Debug|Any CPU
		{49704C9A-30A2-43DE-AE3D-D13073BA50A4}.Debug|Any CPU.Build.0 = Debug|Any CPU
		{49704C9A-30A2-43DE-AE3D-D13073BA50A4}.Debug|x86.ActiveCfg = Debug|x86
		{49704C9A-30A2-43DE-AE3D-D13073BA50A4}.Debug|x86.Build.0 = Debug|x86
		{49704C9A-30A2-43DE-AE3D-D13073BA50A4}.Release|Any CPU.ActiveCfg = Release|Any CPU
		{49704C9A-30A2-43DE-AE3D-D13073BA50A4}.Release|Any CPU.Build.0 = Release|Any CPU
		{49704C9A-30A2-43DE-AE3D-D13073BA50A4}.Release|x86.ActiveCfg = Release|x86
		{49704C9A-30A2-43DE-AE3D-D13073BA50A4}.Release|x86.Build.0 = Release|x86
	EndGlobalSection
	GlobalSection(SolutionProperties) = preSolution
		HideSolutionNode = FALSE
	EndGlobalSection
	GlobalSection(ExtensibilityGlobals) = postSolution
		SolutionGuid = {48E9452A-18A1-421B-8C9F-5E584E3F4A33}
	EndGlobalSection
EndGlobal
