
Microsoft Visual Studio Solution File, Format Version 12.00
# Visual Studio Version 16
VisualStudioVersion = 16.0.30711.63
MinimumVisualStudioVersion = 10.0.40219.1
Project("{9A19103F-16F7-4668-BE54-9A1E7A4F7556}") = "Serenity.Net.Core", "Serenity.Net.Core\Serenity.Net.Core.csproj", "{6F13B7F5-3F1E-4A7F-962D-59EBD3118E83}"
EndProject
Project("{9A19103F-16F7-4668-BE54-9A1E7A4F7556}") = "Serenity.Net.Data", "Serenity.Net.Data\Serenity.Net.Data.csproj", "{A2B991E8-3E2C-477F-B70A-22355C52A8B8}"
EndProject
Project("{9A19103F-16F7-4668-BE54-9A1E7A4F7556}") = "Serenity.Net.Data.Entity", "Serenity.Net.Data.Entity\Serenity.Net.Data.Entity.csproj", "{716C65D4-B1B0-49D1-80BD-780659577150}"
EndProject
Project("{9A19103F-16F7-4668-BE54-9A1E7A4F7556}") = "Serenity.Net.Services", "Serenity.Net.Services\Serenity.Net.Services.csproj", "{D0697A40-5BCB-4B2E-B72C-E371AFEF3BD9}"
EndProject
Project("{9A19103F-16F7-4668-BE54-9A1E7A4F7556}") = "Serenity.Net.Web", "Serenity.Net.Web\Serenity.Net.Web.csproj", "{2DB8084A-1CF1-490F-AE59-7DB6AFC29FCA}"
EndProject
Project("{9A19103F-16F7-4668-BE54-9A1E7A4F7556}") = "Serenity.Net.Caching.Couchbase", "Serenity.Net.Caching.Couchbase\Serenity.Net.Caching.Couchbase.csproj", "{72E76440-83AF-4E4C-A212-7E72BA6C15D5}"
EndProject
Project("{9A19103F-16F7-4668-BE54-9A1E7A4F7556}") = "Serenity.Net.Caching.Redis", "Serenity.Net.Caching.Redis\Serenity.Net.Caching.Redis.csproj", "{E97E4A31-3C67-4238-84A0-04FA3D59FD2F}"
EndProject
Project("{9A19103F-16F7-4668-BE54-9A1E7A4F7556}") = "Serenity.Net.CodeGenerator", "Serenity.Net.CodeGenerator\Serenity.Net.CodeGenerator.csproj", "{7B2CED35-AD39-42D5-AF64-5AC73D11EEF9}"
EndProject
Project("{9A19103F-16F7-4668-BE54-9A1E7A4F7556}") = "Serenity.Scripts", "Serenity.Scripts\Serenity.Scripts.csproj", "{2ACB06BE-7058-4E19-A0B1-0171D15870E5}"
EndProject
Project("{9A19103F-16F7-4668-BE54-9A1E7A4F7556}") = "Serenity.Net.Core.Tests", "..\tests\Serenity.Net.Core.Tests\Serenity.Net.Core.Tests.csproj", "{1EE57748-665F-4CFA-83DA-21F09BCBED7B}"
EndProject
Project("{2150E333-8FDC-42A3-9474-1A3956D46DE8}") = "tests", "tests", "{9B29A6A1-C6E7-42AB-95E2-C4DFF6802781}"
EndProject
Project("{9A19103F-16F7-4668-BE54-9A1E7A4F7556}") = "Serenity.Net.Data.Tests", "..\tests\Serenity.Net.Data.Tests\Serenity.Net.Data.Tests.csproj", "{5C5204FF-F71B-4ACE-810A-714E8C0287B9}"
EndProject
Project("{9A19103F-16F7-4668-BE54-9A1E7A4F7556}") = "Serenity.Net.Data.Entity.Tests", "..\tests\Serenity.Net.Data.Entity.Tests\Serenity.Net.Data.Entity.Tests.csproj", "{B4C84EF5-3661-4497-80B7-030816309492}"
EndProject
Global
	GlobalSection(SolutionConfigurationPlatforms) = preSolution
		Debug|Any CPU = Debug|Any CPU
		Debug|x86 = Debug|x86
		Release|Any CPU = Release|Any CPU
		Release|x86 = Release|x86
	EndGlobalSection
	GlobalSection(ProjectConfigurationPlatforms) = postSolution
		{6F13B7F5-3F1E-4A7F-962D-59EBD3118E83}.Debug|Any CPU.ActiveCfg = Debug|Any CPU
		{6F13B7F5-3F1E-4A7F-962D-59EBD3118E83}.Debug|Any CPU.Build.0 = Debug|Any CPU
		{6F13B7F5-3F1E-4A7F-962D-59EBD3118E83}.Debug|x86.ActiveCfg = Debug|Any CPU
		{6F13B7F5-3F1E-4A7F-962D-59EBD3118E83}.Debug|x86.Build.0 = Debug|Any CPU
		{6F13B7F5-3F1E-4A7F-962D-59EBD3118E83}.Release|Any CPU.ActiveCfg = Release|Any CPU
		{6F13B7F5-3F1E-4A7F-962D-59EBD3118E83}.Release|Any CPU.Build.0 = Release|Any CPU
		{6F13B7F5-3F1E-4A7F-962D-59EBD3118E83}.Release|x86.ActiveCfg = Release|Any CPU
		{6F13B7F5-3F1E-4A7F-962D-59EBD3118E83}.Release|x86.Build.0 = Release|Any CPU
		{A2B991E8-3E2C-477F-B70A-22355C52A8B8}.Debug|Any CPU.ActiveCfg = Debug|Any CPU
		{A2B991E8-3E2C-477F-B70A-22355C52A8B8}.Debug|Any CPU.Build.0 = Debug|Any CPU
		{A2B991E8-3E2C-477F-B70A-22355C52A8B8}.Debug|x86.ActiveCfg = Debug|Any CPU
		{A2B991E8-3E2C-477F-B70A-22355C52A8B8}.Debug|x86.Build.0 = Debug|Any CPU
		{A2B991E8-3E2C-477F-B70A-22355C52A8B8}.Release|Any CPU.ActiveCfg = Release|Any CPU
		{A2B991E8-3E2C-477F-B70A-22355C52A8B8}.Release|Any CPU.Build.0 = Release|Any CPU
		{A2B991E8-3E2C-477F-B70A-22355C52A8B8}.Release|x86.ActiveCfg = Release|Any CPU
		{A2B991E8-3E2C-477F-B70A-22355C52A8B8}.Release|x86.Build.0 = Release|Any CPU
		{716C65D4-B1B0-49D1-80BD-780659577150}.Debug|Any CPU.ActiveCfg = Debug|Any CPU
		{716C65D4-B1B0-49D1-80BD-780659577150}.Debug|Any CPU.Build.0 = Debug|Any CPU
		{716C65D4-B1B0-49D1-80BD-780659577150}.Debug|x86.ActiveCfg = Debug|Any CPU
		{716C65D4-B1B0-49D1-80BD-780659577150}.Debug|x86.Build.0 = Debug|Any CPU
		{716C65D4-B1B0-49D1-80BD-780659577150}.Release|Any CPU.ActiveCfg = Release|Any CPU
		{716C65D4-B1B0-49D1-80BD-780659577150}.Release|Any CPU.Build.0 = Release|Any CPU
		{716C65D4-B1B0-49D1-80BD-780659577150}.Release|x86.ActiveCfg = Release|Any CPU
		{716C65D4-B1B0-49D1-80BD-780659577150}.Release|x86.Build.0 = Release|Any CPU
		{D0697A40-5BCB-4B2E-B72C-E371AFEF3BD9}.Debug|Any CPU.ActiveCfg = Debug|Any CPU
		{D0697A40-5BCB-4B2E-B72C-E371AFEF3BD9}.Debug|Any CPU.Build.0 = Debug|Any CPU
		{D0697A40-5BCB-4B2E-B72C-E371AFEF3BD9}.Debug|x86.ActiveCfg = Debug|Any CPU
		{D0697A40-5BCB-4B2E-B72C-E371AFEF3BD9}.Debug|x86.Build.0 = Debug|Any CPU
		{D0697A40-5BCB-4B2E-B72C-E371AFEF3BD9}.Release|Any CPU.ActiveCfg = Release|Any CPU
		{D0697A40-5BCB-4B2E-B72C-E371AFEF3BD9}.Release|Any CPU.Build.0 = Release|Any CPU
		{D0697A40-5BCB-4B2E-B72C-E371AFEF3BD9}.Release|x86.ActiveCfg = Release|Any CPU
		{D0697A40-5BCB-4B2E-B72C-E371AFEF3BD9}.Release|x86.Build.0 = Release|Any CPU
		{2DB8084A-1CF1-490F-AE59-7DB6AFC29FCA}.Debug|Any CPU.ActiveCfg = Debug|Any CPU
		{2DB8084A-1CF1-490F-AE59-7DB6AFC29FCA}.Debug|Any CPU.Build.0 = Debug|Any CPU
		{2DB8084A-1CF1-490F-AE59-7DB6AFC29FCA}.Debug|x86.ActiveCfg = Debug|Any CPU
		{2DB8084A-1CF1-490F-AE59-7DB6AFC29FCA}.Debug|x86.Build.0 = Debug|Any CPU
		{2DB8084A-1CF1-490F-AE59-7DB6AFC29FCA}.Release|Any CPU.ActiveCfg = Release|Any CPU
		{2DB8084A-1CF1-490F-AE59-7DB6AFC29FCA}.Release|Any CPU.Build.0 = Release|Any CPU
		{2DB8084A-1CF1-490F-AE59-7DB6AFC29FCA}.Release|x86.ActiveCfg = Release|Any CPU
		{2DB8084A-1CF1-490F-AE59-7DB6AFC29FCA}.Release|x86.Build.0 = Release|Any CPU
		{72E76440-83AF-4E4C-A212-7E72BA6C15D5}.Debug|Any CPU.ActiveCfg = Debug|Any CPU
		{72E76440-83AF-4E4C-A212-7E72BA6C15D5}.Debug|Any CPU.Build.0 = Debug|Any CPU
		{72E76440-83AF-4E4C-A212-7E72BA6C15D5}.Debug|x86.ActiveCfg = Debug|Any CPU
		{72E76440-83AF-4E4C-A212-7E72BA6C15D5}.Debug|x86.Build.0 = Debug|Any CPU
		{72E76440-83AF-4E4C-A212-7E72BA6C15D5}.Release|Any CPU.ActiveCfg = Release|Any CPU
		{72E76440-83AF-4E4C-A212-7E72BA6C15D5}.Release|Any CPU.Build.0 = Release|Any CPU
		{72E76440-83AF-4E4C-A212-7E72BA6C15D5}.Release|x86.ActiveCfg = Release|Any CPU
		{72E76440-83AF-4E4C-A212-7E72BA6C15D5}.Release|x86.Build.0 = Release|Any CPU
		{E97E4A31-3C67-4238-84A0-04FA3D59FD2F}.Debug|Any CPU.ActiveCfg = Debug|Any CPU
		{E97E4A31-3C67-4238-84A0-04FA3D59FD2F}.Debug|Any CPU.Build.0 = Debug|Any CPU
		{E97E4A31-3C67-4238-84A0-04FA3D59FD2F}.Debug|x86.ActiveCfg = Debug|Any CPU
		{E97E4A31-3C67-4238-84A0-04FA3D59FD2F}.Debug|x86.Build.0 = Debug|Any CPU
		{E97E4A31-3C67-4238-84A0-04FA3D59FD2F}.Release|Any CPU.ActiveCfg = Release|Any CPU
		{E97E4A31-3C67-4238-84A0-04FA3D59FD2F}.Release|Any CPU.Build.0 = Release|Any CPU
		{E97E4A31-3C67-4238-84A0-04FA3D59FD2F}.Release|x86.ActiveCfg = Release|Any CPU
		{E97E4A31-3C67-4238-84A0-04FA3D59FD2F}.Release|x86.Build.0 = Release|Any CPU
		{7B2CED35-AD39-42D5-AF64-5AC73D11EEF9}.Debug|Any CPU.ActiveCfg = Debug|Any CPU
		{7B2CED35-AD39-42D5-AF64-5AC73D11EEF9}.Debug|Any CPU.Build.0 = Debug|Any CPU
		{7B2CED35-AD39-42D5-AF64-5AC73D11EEF9}.Debug|x86.ActiveCfg = Debug|Any CPU
		{7B2CED35-AD39-42D5-AF64-5AC73D11EEF9}.Debug|x86.Build.0 = Debug|Any CPU
		{7B2CED35-AD39-42D5-AF64-5AC73D11EEF9}.Release|Any CPU.ActiveCfg = Release|Any CPU
		{7B2CED35-AD39-42D5-AF64-5AC73D11EEF9}.Release|Any CPU.Build.0 = Release|Any CPU
		{7B2CED35-AD39-42D5-AF64-5AC73D11EEF9}.Release|x86.ActiveCfg = Release|Any CPU
		{7B2CED35-AD39-42D5-AF64-5AC73D11EEF9}.Release|x86.Build.0 = Release|Any CPU
		{2ACB06BE-7058-4E19-A0B1-0171D15870E5}.Debug|Any CPU.ActiveCfg = Debug|Any CPU
		{2ACB06BE-7058-4E19-A0B1-0171D15870E5}.Debug|Any CPU.Build.0 = Debug|Any CPU
		{2ACB06BE-7058-4E19-A0B1-0171D15870E5}.Debug|x86.ActiveCfg = Debug|Any CPU
		{2ACB06BE-7058-4E19-A0B1-0171D15870E5}.Debug|x86.Build.0 = Debug|Any CPU
		{2ACB06BE-7058-4E19-A0B1-0171D15870E5}.Release|Any CPU.ActiveCfg = Release|Any CPU
		{2ACB06BE-7058-4E19-A0B1-0171D15870E5}.Release|Any CPU.Build.0 = Release|Any CPU
		{2ACB06BE-7058-4E19-A0B1-0171D15870E5}.Release|x86.ActiveCfg = Release|Any CPU
		{2ACB06BE-7058-4E19-A0B1-0171D15870E5}.Release|x86.Build.0 = Release|Any CPU
		{1EE57748-665F-4CFA-83DA-21F09BCBED7B}.Debug|Any CPU.ActiveCfg = Debug|Any CPU
		{1EE57748-665F-4CFA-83DA-21F09BCBED7B}.Debug|Any CPU.Build.0 = Debug|Any CPU
		{1EE57748-665F-4CFA-83DA-21F09BCBED7B}.Debug|x86.ActiveCfg = Debug|Any CPU
		{1EE57748-665F-4CFA-83DA-21F09BCBED7B}.Debug|x86.Build.0 = Debug|Any CPU
		{1EE57748-665F-4CFA-83DA-21F09BCBED7B}.Release|Any CPU.ActiveCfg = Release|Any CPU
		{1EE57748-665F-4CFA-83DA-21F09BCBED7B}.Release|Any CPU.Build.0 = Release|Any CPU
		{1EE57748-665F-4CFA-83DA-21F09BCBED7B}.Release|x86.ActiveCfg = Release|Any CPU
		{1EE57748-665F-4CFA-83DA-21F09BCBED7B}.Release|x86.Build.0 = Release|Any CPU
		{5C5204FF-F71B-4ACE-810A-714E8C0287B9}.Debug|Any CPU.ActiveCfg = Debug|Any CPU
		{5C5204FF-F71B-4ACE-810A-714E8C0287B9}.Debug|Any CPU.Build.0 = Debug|Any CPU
		{5C5204FF-F71B-4ACE-810A-714E8C0287B9}.Debug|x86.ActiveCfg = Debug|Any CPU
		{5C5204FF-F71B-4ACE-810A-714E8C0287B9}.Debug|x86.Build.0 = Debug|Any CPU
		{5C5204FF-F71B-4ACE-810A-714E8C0287B9}.Release|Any CPU.ActiveCfg = Release|Any CPU
		{5C5204FF-F71B-4ACE-810A-714E8C0287B9}.Release|Any CPU.Build.0 = Release|Any CPU
		{5C5204FF-F71B-4ACE-810A-714E8C0287B9}.Release|x86.ActiveCfg = Release|Any CPU
		{5C5204FF-F71B-4ACE-810A-714E8C0287B9}.Release|x86.Build.0 = Release|Any CPU
		{B4C84EF5-3661-4497-80B7-030816309492}.Debug|Any CPU.ActiveCfg = Debug|Any CPU
		{B4C84EF5-3661-4497-80B7-030816309492}.Debug|Any CPU.Build.0 = Debug|Any CPU
		{B4C84EF5-3661-4497-80B7-030816309492}.Debug|x86.ActiveCfg = Debug|Any CPU
		{B4C84EF5-3661-4497-80B7-030816309492}.Debug|x86.Build.0 = Debug|Any CPU
		{B4C84EF5-3661-4497-80B7-030816309492}.Release|Any CPU.ActiveCfg = Release|Any CPU
		{B4C84EF5-3661-4497-80B7-030816309492}.Release|Any CPU.Build.0 = Release|Any CPU
		{B4C84EF5-3661-4497-80B7-030816309492}.Release|x86.ActiveCfg = Release|Any CPU
		{B4C84EF5-3661-4497-80B7-030816309492}.Release|x86.Build.0 = Release|Any CPU
	EndGlobalSection
	GlobalSection(SolutionProperties) = preSolution
		HideSolutionNode = FALSE
	EndGlobalSection
	GlobalSection(NestedProjects) = preSolution
		{1EE57748-665F-4CFA-83DA-21F09BCBED7B} = {9B29A6A1-C6E7-42AB-95E2-C4DFF6802781}
		{5C5204FF-F71B-4ACE-810A-714E8C0287B9} = {9B29A6A1-C6E7-42AB-95E2-C4DFF6802781}
		{B4C84EF5-3661-4497-80B7-030816309492} = {9B29A6A1-C6E7-42AB-95E2-C4DFF6802781}
	EndGlobalSection
	GlobalSection(ExtensibilityGlobals) = postSolution
		SolutionGuid = {48E9452A-18A1-421B-8C9F-5E584E3F4A33}
	EndGlobalSection
EndGlobal
