
Microsoft Visual Studio Solution File, Format Version 12.00
# Visual Studio Version 17
VisualStudioVersion = 17.3.32929.385
MinimumVisualStudioVersion = 10.0.40219.1
Project("{9A19103F-16F7-4668-BE54-9A1E7A4F7556}") = "Serene.Web", "src\Serene.Web\Serene.Web.csproj", "{0AFCC20A-532D-40D1-8D5E-8FB597FB7A33}"
	ProjectSection(ProjectDependencies) = postProject
		{7B2CED35-AD39-42D5-AF64-5AC73D11EEF9} = {7B2CED35-AD39-42D5-AF64-5AC73D11EEF9}
	EndProjectSection
EndProject
Project("{9A19103F-16F7-4668-BE54-9A1E7A4F7556}") = "Serenity.Net.Core", "..\src\Serenity.Net.Core\Serenity.Net.Core.csproj", "{6F13B7F5-3F1E-4A7F-962D-59EBD3118E83}"
EndProject
Project("{9A19103F-16F7-4668-BE54-9A1E7A4F7556}") = "Serenity.Net.Data", "..\src\Serenity.Net.Data\Serenity.Net.Data.csproj", "{A2B991E8-3E2C-477F-B70A-22355C52A8B8}"
EndProject
Project("{9A19103F-16F7-4668-BE54-9A1E7A4F7556}") = "Serenity.Net.Entity", "..\src\Serenity.Net.Entity\Serenity.Net.Entity.csproj", "{716C65D4-B1B0-49D1-80BD-780659577150}"
EndProject
Project("{9A19103F-16F7-4668-BE54-9A1E7A4F7556}") = "Serenity.Net.Services", "..\src\Serenity.Net.Services\Serenity.Net.Services.csproj", "{D0697A40-5BCB-4B2E-B72C-E371AFEF3BD9}"
EndProject
Project("{9A19103F-16F7-4668-BE54-9A1E7A4F7556}") = "Serenity.Net.Web", "..\src\Serenity.Net.Web\Serenity.Net.Web.csproj", "{2DB8084A-1CF1-490F-AE59-7DB6AFC29FCA}"
EndProject
Project("{9A19103F-16F7-4668-BE54-9A1E7A4F7556}") = "Serenity.Net.CodeGenerator", "..\src\Serenity.Net.CodeGenerator\Serenity.Net.CodeGenerator.csproj", "{7B2CED35-AD39-42D5-AF64-5AC73D11EEF9}"
EndProject
Project("{9A19103F-16F7-4668-BE54-9A1E7A4F7556}") = "Serenity.Demo.Northwind", "..\common-features\src\demo.northwind\Serenity.Demo.Northwind.csproj", "{9E3CEBD4-3A2B-49DA-B2CE-631892FFFADE}"
EndProject
Project("{9A19103F-16F7-4668-BE54-9A1E7A4F7556}") = "Serenity.Demo.BasicSamples", "..\common-features\src\demo.basicsamples\Serenity.Demo.BasicSamples.csproj", "{E06454EB-7B99-4414-A249-C1BEC495CA38}"
EndProject
Project("{9A19103F-16F7-4668-BE54-9A1E7A4F7556}") = "Serenity.Extensions", "..\common-features\src\extensions\Serenity.Extensions.csproj", "{D3B80941-CB90-4362-840D-0CBE5DFDF4C6}"
EndProject
Project("{9A19103F-16F7-4668-BE54-9A1E7A4F7556}") = "Serenity.Assets", "..\src\Serenity.Assets\Serenity.Assets.csproj", "{B211C208-3ACE-435A-811E-B2111B9A52A7}"
EndProject
Project("{9A19103F-16F7-4668-BE54-9A1E7A4F7556}") = "Serenity.TypeScript", "..\src\Serenity.TypeScript\Serenity.TypeScript.csproj", "{EB4249D0-F6F2-4618-896C-CB3BD59F91E3}"
EndProject
Project("{9A19103F-16F7-4668-BE54-9A1E7A4F7556}") = "Serenity.Corelib", "..\packages\corelib\Serenity.Corelib.csproj", "{D658D49B-9CAB-4225-BF3A-0C61AF058808}"
EndProject
Project("{9A19103F-16F7-4668-BE54-9A1E7A4F7556}") = "Serenity.SleekGrid", "..\packages\sleekgrid\Serenity.SleekGrid.csproj", "{2571311B-BCB4-451E-B5C8-DC2F4C90B669}"
EndProject
Global
	GlobalSection(SolutionConfigurationPlatforms) = preSolution
		Debug|Any CPU = Debug|Any CPU
		Debug|x86 = Debug|x86
		Release|Any CPU = Release|Any CPU
		Release|x86 = Release|x86
	EndGlobalSection
	GlobalSection(ProjectConfigurationPlatforms) = postSolution
		{0AFCC20A-532D-40D1-8D5E-8FB597FB7A33}.Debug|Any CPU.ActiveCfg = Debug|Any CPU
		{0AFCC20A-532D-40D1-8D5E-8FB597FB7A33}.Debug|Any CPU.Build.0 = Debug|Any CPU
		{0AFCC20A-532D-40D1-8D5E-8FB597FB7A33}.Debug|x86.ActiveCfg = Debug|Any CPU
		{0AFCC20A-532D-40D1-8D5E-8FB597FB7A33}.Debug|x86.Build.0 = Debug|Any CPU
		{0AFCC20A-532D-40D1-8D5E-8FB597FB7A33}.Release|Any CPU.ActiveCfg = Release|Any CPU
		{0AFCC20A-532D-40D1-8D5E-8FB597FB7A33}.Release|Any CPU.Build.0 = Release|Any CPU
		{0AFCC20A-532D-40D1-8D5E-8FB597FB7A33}.Release|x86.ActiveCfg = Release|Any CPU
		{0AFCC20A-532D-40D1-8D5E-8FB597FB7A33}.Release|x86.Build.0 = Release|Any CPU
		{6F13B7F5-3F1E-4A7F-962D-59EBD3118E83}.Debug|Any CPU.ActiveCfg = Debug|Any CPU
		{6F13B7F5-3F1E-4A7F-962D-59EBD3118E83}.Debug|Any CPU.Build.0 = Debug|Any CPU
		{6F13B7F5-3F1E-4A7F-962D-59EBD3118E83}.Debug|x86.ActiveCfg = Debug|Any CPU
		{6F13B7F5-3F1E-4A7F-962D-59EBD3118E83}.Debug|x86.Build.0 = Debug|Any CPU
		{6F13B7F5-3F1E-4A7F-962D-59EBD3118E83}.Release|Any CPU.ActiveCfg = Release|Any CPU
		{6F13B7F5-3F1E-4A7F-962D-59EBD3118E83}.Release|Any CPU.Build.0 = Release|Any CPU
		{6F13B7F5-3F1E-4A7F-962D-59EBD3118E83}.Release|x86.ActiveCfg = Release|Any CPU
		{6F13B7F5-3F1E-4A7F-962D-59EBD3118E83}.Release|x86.Build.0 = Release|Any CPU
		{A2B991E8-3E2C-477F-B70A-22355C52A8B8}.Debug|Any CPU.ActiveCfg = Debug|Any CPU
		{A2B991E8-3E2C-477F-B70A-22355C52A8B8}.Debug|Any CPU.Build.0 = Debug|Any CPU
		{A2B991E8-3E2C-477F-B70A-22355C52A8B8}.Debug|x86.ActiveCfg = Debug|Any CPU
		{A2B991E8-3E2C-477F-B70A-22355C52A8B8}.Debug|x86.Build.0 = Debug|Any CPU
		{A2B991E8-3E2C-477F-B70A-22355C52A8B8}.Release|Any CPU.ActiveCfg = Release|Any CPU
		{A2B991E8-3E2C-477F-B70A-22355C52A8B8}.Release|Any CPU.Build.0 = Release|Any CPU
		{A2B991E8-3E2C-477F-B70A-22355C52A8B8}.Release|x86.ActiveCfg = Release|Any CPU
		{A2B991E8-3E2C-477F-B70A-22355C52A8B8}.Release|x86.Build.0 = Release|Any CPU
		{716C65D4-B1B0-49D1-80BD-780659577150}.Debug|Any CPU.ActiveCfg = Debug|Any CPU
		{716C65D4-B1B0-49D1-80BD-780659577150}.Debug|Any CPU.Build.0 = Debug|Any CPU
		{716C65D4-B1B0-49D1-80BD-780659577150}.Debug|x86.ActiveCfg = Debug|Any CPU
		{716C65D4-B1B0-49D1-80BD-780659577150}.Debug|x86.Build.0 = Debug|Any CPU
		{716C65D4-B1B0-49D1-80BD-780659577150}.Release|Any CPU.ActiveCfg = Release|Any CPU
		{716C65D4-B1B0-49D1-80BD-780659577150}.Release|Any CPU.Build.0 = Release|Any CPU
		{716C65D4-B1B0-49D1-80BD-780659577150}.Release|x86.ActiveCfg = Release|Any CPU
		{716C65D4-B1B0-49D1-80BD-780659577150}.Release|x86.Build.0 = Release|Any CPU
		{D0697A40-5BCB-4B2E-B72C-E371AFEF3BD9}.Debug|Any CPU.ActiveCfg = Debug|Any CPU
		{D0697A40-5BCB-4B2E-B72C-E371AFEF3BD9}.Debug|Any CPU.Build.0 = Debug|Any CPU
		{D0697A40-5BCB-4B2E-B72C-E371AFEF3BD9}.Debug|x86.ActiveCfg = Debug|Any CPU
		{D0697A40-5BCB-4B2E-B72C-E371AFEF3BD9}.Debug|x86.Build.0 = Debug|Any CPU
		{D0697A40-5BCB-4B2E-B72C-E371AFEF3BD9}.Release|Any CPU.ActiveCfg = Release|Any CPU
		{D0697A40-5BCB-4B2E-B72C-E371AFEF3BD9}.Release|Any CPU.Build.0 = Release|Any CPU
		{D0697A40-5BCB-4B2E-B72C-E371AFEF3BD9}.Release|x86.ActiveCfg = Release|Any CPU
		{D0697A40-5BCB-4B2E-B72C-E371AFEF3BD9}.Release|x86.Build.0 = Release|Any CPU
		{2DB8084A-1CF1-490F-AE59-7DB6AFC29FCA}.Debug|Any CPU.ActiveCfg = Debug|Any CPU
		{2DB8084A-1CF1-490F-AE59-7DB6AFC29FCA}.Debug|Any CPU.Build.0 = Debug|Any CPU
		{2DB8084A-1CF1-490F-AE59-7DB6AFC29FCA}.Debug|x86.ActiveCfg = Debug|Any CPU
		{2DB8084A-1CF1-490F-AE59-7DB6AFC29FCA}.Debug|x86.Build.0 = Debug|Any CPU
		{2DB8084A-1CF1-490F-AE59-7DB6AFC29FCA}.Release|Any CPU.ActiveCfg = Release|Any CPU
		{2DB8084A-1CF1-490F-AE59-7DB6AFC29FCA}.Release|Any CPU.Build.0 = Release|Any CPU
		{2DB8084A-1CF1-490F-AE59-7DB6AFC29FCA}.Release|x86.ActiveCfg = Release|Any CPU
		{2DB8084A-1CF1-490F-AE59-7DB6AFC29FCA}.Release|x86.Build.0 = Release|Any CPU
		{7B2CED35-AD39-42D5-AF64-5AC73D11EEF9}.Debug|Any CPU.ActiveCfg = Debug|Any CPU
		{7B2CED35-AD39-42D5-AF64-5AC73D11EEF9}.Debug|Any CPU.Build.0 = Debug|Any CPU
		{7B2CED35-AD39-42D5-AF64-5AC73D11EEF9}.Debug|x86.ActiveCfg = Debug|Any CPU
		{7B2CED35-AD39-42D5-AF64-5AC73D11EEF9}.Debug|x86.Build.0 = Debug|Any CPU
		{7B2CED35-AD39-42D5-AF64-5AC73D11EEF9}.Release|Any CPU.ActiveCfg = Release|Any CPU
		{7B2CED35-AD39-42D5-AF64-5AC73D11EEF9}.Release|Any CPU.Build.0 = Release|Any CPU
		{7B2CED35-AD39-42D5-AF64-5AC73D11EEF9}.Release|x86.ActiveCfg = Release|Any CPU
		{7B2CED35-AD39-42D5-AF64-5AC73D11EEF9}.Release|x86.Build.0 = Release|Any CPU
		{9E3CEBD4-3A2B-49DA-B2CE-631892FFFADE}.Debug|Any CPU.ActiveCfg = Debug|Any CPU
		{9E3CEBD4-3A2B-49DA-B2CE-631892FFFADE}.Debug|Any CPU.Build.0 = Debug|Any CPU
		{9E3CEBD4-3A2B-49DA-B2CE-631892FFFADE}.Debug|x86.ActiveCfg = Debug|Any CPU
		{9E3CEBD4-3A2B-49DA-B2CE-631892FFFADE}.Debug|x86.Build.0 = Debug|Any CPU
		{9E3CEBD4-3A2B-49DA-B2CE-631892FFFADE}.Release|Any CPU.ActiveCfg = Release|Any CPU
		{9E3CEBD4-3A2B-49DA-B2CE-631892FFFADE}.Release|Any CPU.Build.0 = Release|Any CPU
		{9E3CEBD4-3A2B-49DA-B2CE-631892FFFADE}.Release|x86.ActiveCfg = Release|Any CPU
		{9E3CEBD4-3A2B-49DA-B2CE-631892FFFADE}.Release|x86.Build.0 = Release|Any CPU
		{E06454EB-7B99-4414-A249-C1BEC495CA38}.Debug|Any CPU.ActiveCfg = Debug|Any CPU
		{E06454EB-7B99-4414-A249-C1BEC495CA38}.Debug|Any CPU.Build.0 = Debug|Any CPU
		{E06454EB-7B99-4414-A249-C1BEC495CA38}.Debug|x86.ActiveCfg = Debug|Any CPU
		{E06454EB-7B99-4414-A249-C1BEC495CA38}.Debug|x86.Build.0 = Debug|Any CPU
		{E06454EB-7B99-4414-A249-C1BEC495CA38}.Release|Any CPU.ActiveCfg = Release|Any CPU
		{E06454EB-7B99-4414-A249-C1BEC495CA38}.Release|Any CPU.Build.0 = Release|Any CPU
		{E06454EB-7B99-4414-A249-C1BEC495CA38}.Release|x86.ActiveCfg = Release|Any CPU
		{E06454EB-7B99-4414-A249-C1BEC495CA38}.Release|x86.Build.0 = Release|Any CPU
		{D3B80941-CB90-4362-840D-0CBE5DFDF4C6}.Debug|Any CPU.ActiveCfg = Debug|Any CPU
		{D3B80941-CB90-4362-840D-0CBE5DFDF4C6}.Debug|Any CPU.Build.0 = Debug|Any CPU
		{D3B80941-CB90-4362-840D-0CBE5DFDF4C6}.Debug|x86.ActiveCfg = Debug|Any CPU
		{D3B80941-CB90-4362-840D-0CBE5DFDF4C6}.Debug|x86.Build.0 = Debug|Any CPU
		{D3B80941-CB90-4362-840D-0CBE5DFDF4C6}.Release|Any CPU.ActiveCfg = Release|Any CPU
		{D3B80941-CB90-4362-840D-0CBE5DFDF4C6}.Release|Any CPU.Build.0 = Release|Any CPU
		{D3B80941-CB90-4362-840D-0CBE5DFDF4C6}.Release|x86.ActiveCfg = Release|Any CPU
		{D3B80941-CB90-4362-840D-0CBE5DFDF4C6}.Release|x86.Build.0 = Release|Any CPU
		{B211C208-3ACE-435A-811E-B2111B9A52A7}.Debug|Any CPU.ActiveCfg = Debug|Any CPU
		{B211C208-3ACE-435A-811E-B2111B9A52A7}.Debug|Any CPU.Build.0 = Debug|Any CPU
		{B211C208-3ACE-435A-811E-B2111B9A52A7}.Debug|x86.ActiveCfg = Debug|Any CPU
		{B211C208-3ACE-435A-811E-B2111B9A52A7}.Debug|x86.Build.0 = Debug|Any CPU
		{B211C208-3ACE-435A-811E-B2111B9A52A7}.Release|Any CPU.ActiveCfg = Release|Any CPU
		{B211C208-3ACE-435A-811E-B2111B9A52A7}.Release|Any CPU.Build.0 = Release|Any CPU
		{B211C208-3ACE-435A-811E-B2111B9A52A7}.Release|x86.ActiveCfg = Release|Any CPU
		{B211C208-3ACE-435A-811E-B2111B9A52A7}.Release|x86.Build.0 = Release|Any CPU
		{EB4249D0-F6F2-4618-896C-CB3BD59F91E3}.Debug|Any CPU.ActiveCfg = Debug|Any CPU
		{EB4249D0-F6F2-4618-896C-CB3BD59F91E3}.Debug|Any CPU.Build.0 = Debug|Any CPU
		{EB4249D0-F6F2-4618-896C-CB3BD59F91E3}.Debug|x86.ActiveCfg = Debug|Any CPU
		{EB4249D0-F6F2-4618-896C-CB3BD59F91E3}.Debug|x86.Build.0 = Debug|Any CPU
		{EB4249D0-F6F2-4618-896C-CB3BD59F91E3}.Release|Any CPU.ActiveCfg = Release|Any CPU
		{EB4249D0-F6F2-4618-896C-CB3BD59F91E3}.Release|Any CPU.Build.0 = Release|Any CPU
		{EB4249D0-F6F2-4618-896C-CB3BD59F91E3}.Release|x86.ActiveCfg = Release|Any CPU
		{EB4249D0-F6F2-4618-896C-CB3BD59F91E3}.Release|x86.Build.0 = Release|Any CPU
		{D658D49B-9CAB-4225-BF3A-0C61AF058808}.Debug|Any CPU.ActiveCfg = Debug|Any CPU
		{D658D49B-9CAB-4225-BF3A-0C61AF058808}.Debug|Any CPU.Build.0 = Debug|Any CPU
		{D658D49B-9CAB-4225-BF3A-0C61AF058808}.Debug|x86.ActiveCfg = Debug|Any CPU
		{D658D49B-9CAB-4225-BF3A-0C61AF058808}.Debug|x86.Build.0 = Debug|Any CPU
		{D658D49B-9CAB-4225-BF3A-0C61AF058808}.Release|Any CPU.ActiveCfg = Release|Any CPU
		{D658D49B-9CAB-4225-BF3A-0C61AF058808}.Release|Any CPU.Build.0 = Release|Any CPU
		{D658D49B-9CAB-4225-BF3A-0C61AF058808}.Release|x86.ActiveCfg = Release|Any CPU
		{D658D49B-9CAB-4225-BF3A-0C61AF058808}.Release|x86.Build.0 = Release|Any CPU
		{2571311B-BCB4-451E-B5C8-DC2F4C90B669}.Debug|Any CPU.ActiveCfg = Debug|Any CPU
		{2571311B-BCB4-451E-B5C8-DC2F4C90B669}.Debug|Any CPU.Build.0 = Debug|Any CPU
		{2571311B-BCB4-451E-B5C8-DC2F4C90B669}.Debug|x86.ActiveCfg = Debug|Any CPU
		{2571311B-BCB4-451E-B5C8-DC2F4C90B669}.Debug|x86.Build.0 = Debug|Any CPU
		{2571311B-BCB4-451E-B5C8-DC2F4C90B669}.Release|Any CPU.ActiveCfg = Release|Any CPU
		{2571311B-BCB4-451E-B5C8-DC2F4C90B669}.Release|Any CPU.Build.0 = Release|Any CPU
		{2571311B-BCB4-451E-B5C8-DC2F4C90B669}.Release|x86.ActiveCfg = Release|Any CPU
		{2571311B-BCB4-451E-B5C8-DC2F4C90B669}.Release|x86.Build.0 = Release|Any CPU
	EndGlobalSection
	GlobalSection(SolutionProperties) = preSolution
		HideSolutionNode = FALSE
	EndGlobalSection
	GlobalSection(ExtensibilityGlobals) = postSolution
		SolutionGuid = {E2545865-7A32-47F4-A186-EDEBDCEF9EEF}
	EndGlobalSection
EndGlobal
